
Microsoft Visual Studio Solution File, Format Version 12.00
# Visual Studio Version 17
VisualStudioVersion = 17.9.34607.119
MinimumVisualStudioVersion = 10.0.40219.1
Project("{FAE04EC0-301F-11D3-BF4B-00C04F79EFBC}") = "LoginApplication", "LoginApplication.csproj", "{91109D8E-81B5-4B09-BB21-6F0F57EF7F15}"
EndProject
Global
	GlobalSection(SolutionConfigurationPlatforms) = preSolution
		Debug|Any CPU = Debug|Any CPU
		Release|Any CPU = Release|Any CPU
	EndGlobalSection
	GlobalSection(ProjectConfigurationPlatforms) = postSolution
		{91109D8E-81B5-4B09-BB21-6F0F57EF7F15}.Debug|Any CPU.ActiveCfg = Debug|Any CPU
		{91109D8E-81B5-4B09-BB21-6F0F57EF7F15}.Debug|Any CPU.Build.0 = Debug|Any CPU
		{91109D8E-81B5-4B09-BB21-6F0F57EF7F15}.Release|Any CPU.ActiveCfg = Release|Any CPU
		{91109D8E-81B5-4B09-BB21-6F0F57EF7F15}.Release|Any CPU.Build.0 = Release|Any CPU
	EndGlobalSection
	GlobalSection(SolutionProperties) = preSolution
		HideSolutionNode = FALSE
	EndGlobalSection
	GlobalSection(ExtensibilityGlobals) = postSolution
		SolutionGuid = {44292676-EF73-401B-9AF3-EA5FDAD071A2}
	EndGlobalSection
EndGlobal
